
Microsoft Visual Studio Solution File, Format Version 12.00
# Visual Studio Version 17
VisualStudioVersion = 17.11.35303.130
MinimumVisualStudioVersion = 10.0.40219.1
Project("{9A19103F-16F7-4668-BE54-9A1E7A4F7556}") = "Bloggie.Web", "Bloggie.Web\Bloggie.Web.csproj", "{4078D1A4-AE4B-4DCC-9B3A-37BD405DE342}"
EndProject
Global
	GlobalSection(SolutionConfigurationPlatforms) = preSolution
		Debug|Any CPU = Debug|Any CPU
		Release|Any CPU = Release|Any CPU
	EndGlobalSection
	GlobalSection(ProjectConfigurationPlatforms) = postSolution
		{4078D1A4-AE4B-4DCC-9B3A-37BD405DE342}.Debug|Any CPU.ActiveCfg = Debug|Any CPU
		{4078D1A4-AE4B-4DCC-9B3A-37BD405DE342}.Debug|Any CPU.Build.0 = Debug|Any CPU
		{4078D1A4-AE4B-4DCC-9B3A-37BD405DE342}.Release|Any CPU.ActiveCfg = Release|Any CPU
		{4078D1A4-AE4B-4DCC-9B3A-37BD405DE342}.Release|Any CPU.Build.0 = Release|Any CPU
	EndGlobalSection
	GlobalSection(SolutionProperties) = preSolution
		HideSolutionNode = FALSE
	EndGlobalSection
	GlobalSection(ExtensibilityGlobals) = postSolution
		SolutionGuid = {CA48739C-AD21-4698-9FDB-1D0521B6818B}
	EndGlobalSection
EndGlobal
